// !$*UTF8*$!
{
	archiveVersion = 1;
	classes = {
	};
	objectVersion = 50;
	objects = {

/* Begin PBXBuildFile section */
		1806813620C4208F0050E36C /* CachedWebService.swift in Sources */ = {isa = PBXBuildFile; fileRef = 1806813520C4208F0050E36C /* CachedWebService.swift */; };
		1806813820C4237A0050E36C /* Cache.swift in Sources */ = {isa = PBXBuildFile; fileRef = 1806813720C4237A0050E36C /* Cache.swift */; };
		1806813A20C439200050E36C /* FileStorage.swift in Sources */ = {isa = PBXBuildFile; fileRef = 1806813920C439200050E36C /* FileStorage.swift */; };
		18F6E3C420C2B75D00131A60 /* main.swift in Sources */ = {isa = PBXBuildFile; fileRef = 18F6E3C320C2B75D00131A60 /* main.swift */; };
		18F6E3CB20C2B79200131A60 /* Resource.swift in Sources */ = {isa = PBXBuildFile; fileRef = 18F6E3CA20C2B79200131A60 /* Resource.swift */; };
		18F6E3CD20C2B7C100131A60 /* Webservice.swift in Sources */ = {isa = PBXBuildFile; fileRef = 18F6E3CC20C2B7C100131A60 /* Webservice.swift */; };
		18F6E3CF20C2BD0200131A60 /* Post.swift in Sources */ = {isa = PBXBuildFile; fileRef = 18F6E3CE20C2BD0200131A60 /* Post.swift */; };
		18F6E3D120C2CE7500131A60 /* Result.swift in Sources */ = {isa = PBXBuildFile; fileRef = 18F6E3D020C2CE7500131A60 /* Result.swift */; };
		18F6E3D320C2CEA800131A60 /* HttpMethod.swift in Sources */ = {isa = PBXBuildFile; fileRef = 18F6E3D220C2CEA800131A60 /* HttpMethod.swift */; };
		18F6E3D520C3321100131A60 /* URLRequest_Ext.swift in Sources */ = {isa = PBXBuildFile; fileRef = 18F6E3D420C3321100131A60 /* URLRequest_Ext.swift */; };
/* End PBXBuildFile section */

/* Begin PBXCopyFilesBuildPhase section */
		18F6E3BE20C2B75D00131A60 /* CopyFiles */ = {
			isa = PBXCopyFilesBuildPhase;
			buildActionMask = 2147483647;
			dstPath = /usr/share/man/man1/;
			dstSubfolderSpec = 0;
			files = (
			);
			runOnlyForDeploymentPostprocessing = 1;
		};
/* End PBXCopyFilesBuildPhase section */

/* Begin PBXFileReference section */
		1806813520C4208F0050E36C /* CachedWebService.swift */ = {isa = PBXFileReference; lastKnownFileType = sourcecode.swift; path = CachedWebService.swift; sourceTree = "<group>"; };
		1806813720C4237A0050E36C /* Cache.swift */ = {isa = PBXFileReference; lastKnownFileType = sourcecode.swift; path = Cache.swift; sourceTree = "<group>"; };
		1806813920C439200050E36C /* FileStorage.swift */ = {isa = PBXFileReference; lastKnownFileType = sourcecode.swift; path = FileStorage.swift; sourceTree = "<group>"; };
		18F6E3C020C2B75D00131A60 /* NetworkLibrary */ = {isa = PBXFileReference; explicitFileType = "compiled.mach-o.executable"; includeInIndex = 0; path = NetworkLibrary; sourceTree = BUILT_PRODUCTS_DIR; };
		18F6E3C320C2B75D00131A60 /* main.swift */ = {isa = PBXFileReference; lastKnownFileType = sourcecode.swift; path = main.swift; sourceTree = "<group>"; };
		18F6E3CA20C2B79200131A60 /* Resource.swift */ = {isa = PBXFileReference; lastKnownFileType = sourcecode.swift; path = Resource.swift; sourceTree = "<group>"; };
		18F6E3CC20C2B7C100131A60 /* Webservice.swift */ = {isa = PBXFileReference; lastKnownFileType = sourcecode.swift; path = Webservice.swift; sourceTree = "<group>"; };
		18F6E3CE20C2BD0200131A60 /* Post.swift */ = {isa = PBXFileReference; lastKnownFileType = sourcecode.swift; path = Post.swift; sourceTree = "<group>"; };
		18F6E3D020C2CE7500131A60 /* Result.swift */ = {isa = PBXFileReference; lastKnownFileType = sourcecode.swift; path = Result.swift; sourceTree = "<group>"; };
		18F6E3D220C2CEA800131A60 /* HttpMethod.swift */ = {isa = PBXFileReference; lastKnownFileType = sourcecode.swift; path = HttpMethod.swift; sourceTree = "<group>"; };
		18F6E3D420C3321100131A60 /* URLRequest_Ext.swift */ = {isa = PBXFileReference; lastKnownFileType = sourcecode.swift; path = URLRequest_Ext.swift; sourceTree = "<group>"; };
/* End PBXFileReference section */

/* Begin PBXFrameworksBuildPhase section */
		18F6E3BD20C2B75D00131A60 /* Frameworks */ = {
			isa = PBXFrameworksBuildPhase;
			buildActionMask = 2147483647;
			files = (
			);
			runOnlyForDeploymentPostprocessing = 0;
		};
/* End PBXFrameworksBuildPhase section */

/* Begin PBXGroup section */
		18F6E3B720C2B75D00131A60 = {
			isa = PBXGroup;
			children = (
				18F6E3C220C2B75D00131A60 /* NetworkLibrary */,
				18F6E3C120C2B75D00131A60 /* Products */,
			);
			sourceTree = "<group>";
		};
		18F6E3C120C2B75D00131A60 /* Products */ = {
			isa = PBXGroup;
			children = (
				18F6E3C020C2B75D00131A60 /* NetworkLibrary */,
			);
			name = Products;
			sourceTree = "<group>";
		};
		18F6E3C220C2B75D00131A60 /* NetworkLibrary */ = {
			isa = PBXGroup;
			children = (
				18F6E3C320C2B75D00131A60 /* main.swift */,
				18F6E3CA20C2B79200131A60 /* Resource.swift */,
				18F6E3CC20C2B7C100131A60 /* Webservice.swift */,
				18F6E3CE20C2BD0200131A60 /* Post.swift */,
				18F6E3D020C2CE7500131A60 /* Result.swift */,
				18F6E3D220C2CEA800131A60 /* HttpMethod.swift */,
				18F6E3D420C3321100131A60 /* URLRequest_Ext.swift */,
				1806813520C4208F0050E36C /* CachedWebService.swift */,
				1806813720C4237A0050E36C /* Cache.swift */,
				1806813920C439200050E36C /* FileStorage.swift */,
			);
			path = NetworkLibrary;
			sourceTree = "<group>";
		};
/* End PBXGroup section */

/* Begin PBXNativeTarget section */
		18F6E3BF20C2B75D00131A60 /* NetworkLibrary */ = {
			isa = PBXNativeTarget;
			buildConfigurationList = 18F6E3C720C2B75D00131A60 /* Build configuration list for PBXNativeTarget "NetworkLibrary" */;
			buildPhases = (
				18F6E3BC20C2B75D00131A60 /* Sources */,
				18F6E3BD20C2B75D00131A60 /* Frameworks */,
				18F6E3BE20C2B75D00131A60 /* CopyFiles */,
			);
			buildRules = (
			);
			dependencies = (
			);
			name = NetworkLibrary;
			productName = NetworkLibrary;
			productReference = 18F6E3C020C2B75D00131A60 /* NetworkLibrary */;
			productType = "com.apple.product-type.tool";
		};
/* End PBXNativeTarget section */

/* Begin PBXProject section */
		18F6E3B820C2B75D00131A60 /* Project object */ = {
			isa = PBXProject;
			attributes = {
				LastSwiftUpdateCheck = 0930;
				LastUpgradeCheck = 0930;
				ORGANIZATIONNAME = "Christopher Brandon Karani";
				TargetAttributes = {
					18F6E3BF20C2B75D00131A60 = {
						CreatedOnToolsVersion = 9.3;
					};
				};
			};
			buildConfigurationList = 18F6E3BB20C2B75D00131A60 /* Build configuration list for PBXProject "NetworkLibrary" */;
			compatibilityVersion = "Xcode 9.3";
			developmentRegion = en;
			hasScannedForEncodings = 0;
			knownRegions = (
				en,
			);
			mainGroup = 18F6E3B720C2B75D00131A60;
			productRefGroup = 18F6E3C120C2B75D00131A60 /* Products */;
			projectDirPath = "";
			projectRoot = "";
			targets = (
				18F6E3BF20C2B75D00131A60 /* NetworkLibrary */,
			);
		};
/* End PBXProject section */

/* Begin PBXSourcesBuildPhase section */
		18F6E3BC20C2B75D00131A60 /* Sources */ = {
			isa = PBXSourcesBuildPhase;
			buildActionMask = 2147483647;
			files = (
				1806813620C4208F0050E36C /* CachedWebService.swift in Sources */,
				1806813A20C439200050E36C /* FileStorage.swift in Sources */,
				1806813820C4237A0050E36C /* Cache.swift in Sources */,
				18F6E3C420C2B75D00131A60 /* main.swift in Sources */,
				18F6E3D120C2CE7500131A60 /* Result.swift in Sources */,
				18F6E3D520C3321100131A60 /* URLRequest_Ext.swift in Sources */,
				18F6E3CB20C2B79200131A60 /* Resource.swift in Sources */,
				18F6E3CD20C2B7C100131A60 /* Webservice.swift in Sources */,
				18F6E3D320C2CEA800131A60 /* HttpMethod.swift in Sources */,
				18F6E3CF20C2BD0200131A60 /* Post.swift in Sources */,
			);
			runOnlyForDeploymentPostprocessing = 0;
		};
/* End PBXSourcesBuildPhase section */

/* Begin XCBuildConfiguration section */
		18F6E3C520C2B75D00131A60 /* Debug */ = {
			isa = XCBuildConfiguration;
			buildSettings = {
				ALWAYS_SEARCH_USER_PATHS = NO;
				CLANG_ANALYZER_NONNULL = YES;
				CLANG_ANALYZER_NUMBER_OBJECT_CONVERSION = YES_AGGRESSIVE;
				CLANG_CXX_LANGUAGE_STANDARD = "gnu++14";
				CLANG_CXX_LIBRARY = "libc++";
				CLANG_ENABLE_MODULES = YES;
				CLANG_ENABLE_OBJC_ARC = YES;
				CLANG_ENABLE_OBJC_WEAK = YES;
				CLANG_WARN_BLOCK_CAPTURE_AUTORELEASING = YES;
				CLANG_WARN_BOOL_CONVERSION = YES;
				CLANG_WARN_COMMA = YES;
				CLANG_WARN_CONSTANT_CONVERSION = YES;
				CLANG_WARN_DEPRECATED_OBJC_IMPLEMENTATIONS = YES;
				CLANG_WARN_DIRECT_OBJC_ISA_USAGE = YES_ERROR;
				CLANG_WARN_DOCUMENTATION_COMMENTS = YES;
				CLANG_WARN_EMPTY_BODY = YES;
				CLANG_WARN_ENUM_CONVERSION = YES;
				CLANG_WARN_INFINITE_RECURSION = YES;
				CLANG_WARN_INT_CONVERSION = YES;
				CLANG_WARN_NON_LITERAL_NULL_CONVERSION = YES;
				CLANG_WARN_OBJC_IMPLICIT_RETAIN_SELF = YES;
				CLANG_WARN_OBJC_LITERAL_CONVERSION = YES;
				CLANG_WARN_OBJC_ROOT_CLASS = YES_ERROR;
				CLANG_WARN_RANGE_LOOP_ANALYSIS = YES;
				CLANG_WARN_STRICT_PROTOTYPES = YES;
				CLANG_WARN_SUSPICIOUS_MOVE = YES;
				CLANG_WARN_UNGUARDED_AVAILABILITY = YES_AGGRESSIVE;
				CLANG_WARN_UNREACHABLE_CODE = YES;
				CLANG_WARN__DUPLICATE_METHOD_MATCH = YES;
				CODE_SIGN_IDENTITY = "Mac Developer";
				COPY_PHASE_STRIP = NO;
				DEBUG_INFORMATION_FORMAT = dwarf;
				ENABLE_STRICT_OBJC_MSGSEND = YES;
				ENABLE_TESTABILITY = YES;
				GCC_C_LANGUAGE_STANDARD = gnu11;
				GCC_DYNAMIC_NO_PIC = NO;
				GCC_NO_COMMON_BLOCKS = YES;
				GCC_OPTIMIZATION_LEVEL = 0;
				GCC_PREPROCESSOR_DEFINITIONS = (
					"DEBUG=1",
					"$(inherited)",
				);
				GCC_WARN_64_TO_32_BIT_CONVERSION = YES;
				GCC_WARN_ABOUT_RETURN_TYPE = YES_ERROR;
				GCC_WARN_UNDECLARED_SELECTOR = YES;
				GCC_WARN_UNINITIALIZED_AUTOS = YES_AGGRESSIVE;
				GCC_WARN_UNUSED_FUNCTION = YES;
				GCC_WARN_UNUSED_VARIABLE = YES;
				MACOSX_DEPLOYMENT_TARGET = 10.13;
				MTL_ENABLE_DEBUG_INFO = YES;
				ONLY_ACTIVE_ARCH = YES;
				SDKROOT = macosx;
				SWIFT_ACTIVE_COMPILATION_CONDITIONS = DEBUG;
				SWIFT_OPTIMIZATION_LEVEL = "-Onone";
			};
			name = Debug;
		};
		18F6E3C620C2B75D00131A60 /* Release */ = {
			isa = XCBuildConfiguration;
			buildSettings = {
				ALWAYS_SEARCH_USER_PATHS = NO;
				CLANG_ANALYZER_NONNULL = YES;
				CLANG_ANALYZER_NUMBER_OBJECT_CONVERSION = YES_AGGRESSIVE;
				CLANG_CXX_LANGUAGE_STANDARD = "gnu++14";
				CLANG_CXX_LIBRARY = "libc++";
				CLANG_ENABLE_MODULES = YES;
				CLANG_ENABLE_OBJC_ARC = YES;
				CLANG_ENABLE_OBJC_WEAK = YES;
				CLANG_WARN_BLOCK_CAPTURE_AUTORELEASING = YES;
				CLANG_WARN_BOOL_CONVERSION = YES;
				CLANG_WARN_COMMA = YES;
				CLANG_WARN_CONSTANT_CONVERSION = YES;
				CLANG_WARN_DEPRECATED_OBJC_IMPLEMENTATIONS = YES;
				CLANG_WARN_DIRECT_OBJC_ISA_USAGE = YES_ERROR;
				CLANG_WARN_DOCUMENTATION_COMMENTS = YES;
				CLANG_WARN_EMPTY_BODY = YES;
				CLANG_WARN_ENUM_CONVERSION = YES;
				CLANG_WARN_INFINITE_RECURSION = YES;
				CLANG_WARN_INT_CONVERSION = YES;
				CLANG_WARN_NON_LITERAL_NULL_CONVERSION = YES;
				CLANG_WARN_OBJC_IMPLICIT_RETAIN_SELF = YES;
				CLANG_WARN_OBJC_LITERAL_CONVERSION = YES;
				CLANG_WARN_OBJC_ROOT_CLASS = YES_ERROR;
				CLANG_WARN_RANGE_LOOP_ANALYSIS = YES;
				CLANG_WARN_STRICT_PROTOTYPES = YES;
				CLANG_WARN_SUSPICIOUS_MOVE = YES;
				CLANG_WARN_UNGUARDED_AVAILABILITY = YES_AGGRESSIVE;
				CLANG_WARN_UNREACHABLE_CODE = YES;
				CLANG_WARN__DUPLICATE_METHOD_MATCH = YES;
				CODE_SIGN_IDENTITY = "Mac Developer";
				COPY_PHASE_STRIP = NO;
				DEBUG_INFORMATION_FORMAT = "dwarf-with-dsym";
				ENABLE_NS_ASSERTIONS = NO;
				ENABLE_STRICT_OBJC_MSGSEND = YES;
				GCC_C_LANGUAGE_STANDARD = gnu11;
				GCC_NO_COMMON_BLOCKS = YES;
				GCC_WARN_64_TO_32_BIT_CONVERSION = YES;
				GCC_WARN_ABOUT_RETURN_TYPE = YES_ERROR;
				GCC_WARN_UNDECLARED_SELECTOR = YES;
				GCC_WARN_UNINITIALIZED_AUTOS = YES_AGGRESSIVE;
				GCC_WARN_UNUSED_FUNCTION = YES;
				GCC_WARN_UNUSED_VARIABLE = YES;
				MACOSX_DEPLOYMENT_TARGET = 10.13;
				MTL_ENABLE_DEBUG_INFO = NO;
				SDKROOT = macosx;
				SWIFT_COMPILATION_MODE = wholemodule;
				SWIFT_OPTIMIZATION_LEVEL = "-O";
			};
			name = Release;
		};
		18F6E3C820C2B75D00131A60 /* Debug */ = {
			isa = XCBuildConfiguration;
			buildSettings = {
				CODE_SIGN_STYLE = Automatic;
				DEVELOPMENT_TEAM = BTSZ26LN83;
				PRODUCT_NAME = "$(TARGET_NAME)";
				SWIFT_VERSION = 4.0;
			};
			name = Debug;
		};
		18F6E3C920C2B75D00131A60 /* Release */ = {
			isa = XCBuildConfiguration;
			buildSettings = {
				CODE_SIGN_STYLE = Automatic;
				DEVELOPMENT_TEAM = BTSZ26LN83;
				PRODUCT_NAME = "$(TARGET_NAME)";
				SWIFT_VERSION = 4.0;
			};
			name = Release;
		};
/* End XCBuildConfiguration section */

/* Begin XCConfigurationList section */
		18F6E3BB20C2B75D00131A60 /* Build configuration list for PBXProject "NetworkLibrary" */ = {
			isa = XCConfigurationList;
			buildConfigurations = (
				18F6E3C520C2B75D00131A60 /* Debug */,
				18F6E3C620C2B75D00131A60 /* Release */,
			);
			defaultConfigurationIsVisible = 0;
			defaultConfigurationName = Release;
		};
		18F6E3C720C2B75D00131A60 /* Build configuration list for PBXNativeTarget "NetworkLibrary" */ = {
			isa = XCConfigurationList;
			buildConfigurations = (
				18F6E3C820C2B75D00131A60 /* Debug */,
				18F6E3C920C2B75D00131A60 /* Release */,
			);
			defaultConfigurationIsVisible = 0;
			defaultConfigurationName = Release;
		};
/* End XCConfigurationList section */
	};
	rootObject = 18F6E3B820C2B75D00131A60 /* Project object */;
}
